
Microsoft Visual Studio Solution File, Format Version 12.00
# Visual Studio Version 17
VisualStudioVersion = 17.7.34031.279
MinimumVisualStudioVersion = 10.0.40219.1
Project("{8BC9CEB8-8B4A-11D0-8D11-00A0C91BC942}") = "PG3_確認課題", "PG3_確認課題.vcxproj", "{BF798986-F509-44E2-8B94-568829152E8B}"
EndProject
Global
	GlobalSection(SolutionConfigurationPlatforms) = preSolution
		Debug|x64 = Debug|x64
		Debug|x86 = Debug|x86
		Release|x64 = Release|x64
		Release|x86 = Release|x86
	EndGlobalSection
	GlobalSection(ProjectConfigurationPlatforms) = postSolution
		{BF798986-F509-44E2-8B94-568829152E8B}.Debug|x64.ActiveCfg = Debug|x64
		{BF798986-F509-44E2-8B94-568829152E8B}.Debug|x64.Build.0 = Debug|x64
		{BF798986-F509-44E2-8B94-568829152E8B}.Debug|x86.ActiveCfg = Debug|Win32
		{BF798986-F509-44E2-8B94-568829152E8B}.Debug|x86.Build.0 = Debug|Win32
		{BF798986-F509-44E2-8B94-568829152E8B}.Release|x64.ActiveCfg = Release|x64
		{BF798986-F509-44E2-8B94-568829152E8B}.Release|x64.Build.0 = Release|x64
		{BF798986-F509-44E2-8B94-568829152E8B}.Release|x86.ActiveCfg = Release|Win32
		{BF798986-F509-44E2-8B94-568829152E8B}.Release|x86.Build.0 = Release|Win32
	EndGlobalSection
	GlobalSection(SolutionProperties) = preSolution
		HideSolutionNode = FALSE
	EndGlobalSection
	GlobalSection(ExtensibilityGlobals) = postSolution
		SolutionGuid = {933CACE4-14E3-427E-B2F0-7537EF025669}
	EndGlobalSection
EndGlobal
